
Microsoft Visual Studio Solution File, Format Version 12.00
# Visual Studio Version 16
VisualStudioVersion = 16.0.31911.196
MinimumVisualStudioVersion = 10.0.40219.1
Project("{FAE04EC0-301F-11D3-BF4B-00C04F79EFBC}") = "LongestWord", "LongestWord.csproj", "{2E1003BE-5179-4B54-B761-426DBC78BBBB}"
EndProject
Global
	GlobalSection(SolutionConfigurationPlatforms) = preSolution
		Debug|Any CPU = Debug|Any CPU
		Release|Any CPU = Release|Any CPU
	EndGlobalSection
	GlobalSection(ProjectConfigurationPlatforms) = postSolution
		{2E1003BE-5179-4B54-B761-426DBC78BBBB}.Debug|Any CPU.ActiveCfg = Debug|Any CPU
		{2E1003BE-5179-4B54-B761-426DBC78BBBB}.Debug|Any CPU.Build.0 = Debug|Any CPU
		{2E1003BE-5179-4B54-B761-426DBC78BBBB}.Release|Any CPU.ActiveCfg = Release|Any CPU
		{2E1003BE-5179-4B54-B761-426DBC78BBBB}.Release|Any CPU.Build.0 = Release|Any CPU
	EndGlobalSection
	GlobalSection(SolutionProperties) = preSolution
		HideSolutionNode = FALSE
	EndGlobalSection
	GlobalSection(ExtensibilityGlobals) = postSolution
		SolutionGuid = {23CA916D-54D1-4033-8C43-C074D1A348B6}
	EndGlobalSection
EndGlobal
